
Microsoft Visual Studio Solution File, Format Version 12.00
# Visual Studio 2017
Project("{FAE04EC0-301F-11D3-BF4B-00C04F79EFBC}") = "ixdproject", "ixdproject.csproj", "{DBA9C4B1-904D-2CFF-C108-DD2BF2F46F49}"
EndProject
Global
	GlobalSection(SolutionConfigurationPlatforms) = preSolution
		Debug|Any CPU = Debug|Any CPU
		Release|Any CPU = Release|Any CPU
	EndGlobalSection
	GlobalSection(ProjectConfigurationPlatforms) = postSolution
		{DBA9C4B1-904D-2CFF-C108-DD2BF2F46F49}.Debug|Any CPU.ActiveCfg = Debug|Any CPU
		{DBA9C4B1-904D-2CFF-C108-DD2BF2F46F49}.Debug|Any CPU.Build.0 = Debug|Any CPU
		{DBA9C4B1-904D-2CFF-C108-DD2BF2F46F49}.Release|Any CPU.ActiveCfg = Release|Any CPU
		{DBA9C4B1-904D-2CFF-C108-DD2BF2F46F49}.Release|Any CPU.Build.0 = Release|Any CPU
	EndGlobalSection
	GlobalSection(SolutionProperties) = preSolution
		HideSolutionNode = FALSE
	EndGlobalSection
EndGlobal
